
Microsoft Visual Studio Solution File, Format Version 12.00
# Visual Studio Version 17
VisualStudioVersion = 17.11.35327.3
MinimumVisualStudioVersion = 10.0.40219.1
Project("{2150E333-8FDC-42A3-9474-1A3956D46DE8}") = "src", "src", "{D93D37CF-E355-4278-B905-DC392A1F1382}"
EndProject
Project("{2150E333-8FDC-42A3-9474-1A3956D46DE8}") = "tests", "tests", "{5E850985-5724-40C5-96B3-293D1536EB39}"
EndProject
Project("{2150E333-8FDC-42A3-9474-1A3956D46DE8}") = "Application", "Application", "{B4D7CA67-3E63-4BE9-B330-0B92F32719FC}"
EndProject
Project("{2150E333-8FDC-42A3-9474-1A3956D46DE8}") = "Infrastructure", "Infrastructure", "{D48C1768-F957-4DED-BD40-DD1DBB73A424}"
EndProject
Project("{2150E333-8FDC-42A3-9474-1A3956D46DE8}") = "Domain", "Domain", "{24BB9344-53D7-402B-9446-F3C4A9579138}"
EndProject
Project("{2150E333-8FDC-42A3-9474-1A3956D46DE8}") = "WebAPI", "WebAPI", "{5B4DB832-95CB-4FE8-A150-71AEEC0BC68F}"
EndProject
Project("{9A19103F-16F7-4668-BE54-9A1E7A4F7556}") = "Application", "Application\Application.csproj", "{7E011760-5F7D-48DB-AFFD-82EF549EE5AB}"
EndProject
Project("{9A19103F-16F7-4668-BE54-9A1E7A4F7556}") = "Domain", "Domain\Domain.csproj", "{9E4A176D-87B4-4F44-B650-582B042D064E}"
EndProject
Project("{9A19103F-16F7-4668-BE54-9A1E7A4F7556}") = "Infrastructure", "Infrastructure\Infrastructure.csproj", "{23EA9E27-FA0A-46A8-9B72-CF05F4D74A71}"
EndProject
Project("{9A19103F-16F7-4668-BE54-9A1E7A4F7556}") = "PHMS", "PHMS\PHMS.csproj", "{885DB68A-E95F-44E9-8D70-2FB7C73EE617}"
EndProject
Project("{2150E333-8FDC-42A3-9474-1A3956D46DE8}") = "IntegrationTests", "IntegrationTests", "{E06115A3-50AB-402A-997B-B750A6FE6403}"
EndProject
Project("{2150E333-8FDC-42A3-9474-1A3956D46DE8}") = "UnitTests", "UnitTests", "{E4B3D685-CA23-41BF-9A04-BF3C99DF5A0D}"
EndProject
Project("{9A19103F-16F7-4668-BE54-9A1E7A4F7556}") = "PHMS.UnitTests", "PHMS.UnitTests\PHMS.UnitTests.csproj", "{782502AB-3F0B-43BC-A761-7A3F2BD5A9B8}"
EndProject
Project("{9A19103F-16F7-4668-BE54-9A1E7A4F7556}") = "PHMS.IntegrationTests", "PHMS.IntegrationTests\PHMS.IntegrationTests.csproj", "{3382ECDD-FD85-4C03-A24C-D70532382D1B}"
EndProject
Global
	GlobalSection(SolutionConfigurationPlatforms) = preSolution
		Debug|Any CPU = Debug|Any CPU
		Release|Any CPU = Release|Any CPU
	EndGlobalSection
	GlobalSection(ProjectConfigurationPlatforms) = postSolution
		{7E011760-5F7D-48DB-AFFD-82EF549EE5AB}.Debug|Any CPU.ActiveCfg = Debug|Any CPU
		{7E011760-5F7D-48DB-AFFD-82EF549EE5AB}.Debug|Any CPU.Build.0 = Debug|Any CPU
		{7E011760-5F7D-48DB-AFFD-82EF549EE5AB}.Release|Any CPU.ActiveCfg = Release|Any CPU
		{7E011760-5F7D-48DB-AFFD-82EF549EE5AB}.Release|Any CPU.Build.0 = Release|Any CPU
		{9E4A176D-87B4-4F44-B650-582B042D064E}.Debug|Any CPU.ActiveCfg = Debug|Any CPU
		{9E4A176D-87B4-4F44-B650-582B042D064E}.Debug|Any CPU.Build.0 = Debug|Any CPU
		{9E4A176D-87B4-4F44-B650-582B042D064E}.Release|Any CPU.ActiveCfg = Release|Any CPU
		{9E4A176D-87B4-4F44-B650-582B042D064E}.Release|Any CPU.Build.0 = Release|Any CPU
		{23EA9E27-FA0A-46A8-9B72-CF05F4D74A71}.Debug|Any CPU.ActiveCfg = Debug|Any CPU
		{23EA9E27-FA0A-46A8-9B72-CF05F4D74A71}.Debug|Any CPU.Build.0 = Debug|Any CPU
		{23EA9E27-FA0A-46A8-9B72-CF05F4D74A71}.Release|Any CPU.ActiveCfg = Release|Any CPU
		{23EA9E27-FA0A-46A8-9B72-CF05F4D74A71}.Release|Any CPU.Build.0 = Release|Any CPU
		{885DB68A-E95F-44E9-8D70-2FB7C73EE617}.Debug|Any CPU.ActiveCfg = Debug|Any CPU
		{885DB68A-E95F-44E9-8D70-2FB7C73EE617}.Debug|Any CPU.Build.0 = Debug|Any CPU
		{885DB68A-E95F-44E9-8D70-2FB7C73EE617}.Release|Any CPU.ActiveCfg = Release|Any CPU
		{885DB68A-E95F-44E9-8D70-2FB7C73EE617}.Release|Any CPU.Build.0 = Release|Any CPU
		{782502AB-3F0B-43BC-A761-7A3F2BD5A9B8}.Debug|Any CPU.ActiveCfg = Debug|Any CPU
		{782502AB-3F0B-43BC-A761-7A3F2BD5A9B8}.Debug|Any CPU.Build.0 = Debug|Any CPU
		{782502AB-3F0B-43BC-A761-7A3F2BD5A9B8}.Release|Any CPU.ActiveCfg = Release|Any CPU
		{782502AB-3F0B-43BC-A761-7A3F2BD5A9B8}.Release|Any CPU.Build.0 = Release|Any CPU
		{3382ECDD-FD85-4C03-A24C-D70532382D1B}.Debug|Any CPU.ActiveCfg = Debug|Any CPU
		{3382ECDD-FD85-4C03-A24C-D70532382D1B}.Debug|Any CPU.Build.0 = Debug|Any CPU
		{3382ECDD-FD85-4C03-A24C-D70532382D1B}.Release|Any CPU.ActiveCfg = Release|Any CPU
		{3382ECDD-FD85-4C03-A24C-D70532382D1B}.Release|Any CPU.Build.0 = Release|Any CPU
	EndGlobalSection
	GlobalSection(SolutionProperties) = preSolution
		HideSolutionNode = FALSE
	EndGlobalSection
	GlobalSection(NestedProjects) = preSolution
		{B4D7CA67-3E63-4BE9-B330-0B92F32719FC} = {D93D37CF-E355-4278-B905-DC392A1F1382}
		{D48C1768-F957-4DED-BD40-DD1DBB73A424} = {D93D37CF-E355-4278-B905-DC392A1F1382}
		{24BB9344-53D7-402B-9446-F3C4A9579138} = {D93D37CF-E355-4278-B905-DC392A1F1382}
		{5B4DB832-95CB-4FE8-A150-71AEEC0BC68F} = {D93D37CF-E355-4278-B905-DC392A1F1382}
		{7E011760-5F7D-48DB-AFFD-82EF549EE5AB} = {B4D7CA67-3E63-4BE9-B330-0B92F32719FC}
		{9E4A176D-87B4-4F44-B650-582B042D064E} = {24BB9344-53D7-402B-9446-F3C4A9579138}
		{23EA9E27-FA0A-46A8-9B72-CF05F4D74A71} = {D48C1768-F957-4DED-BD40-DD1DBB73A424}
		{885DB68A-E95F-44E9-8D70-2FB7C73EE617} = {5B4DB832-95CB-4FE8-A150-71AEEC0BC68F}
		{E06115A3-50AB-402A-997B-B750A6FE6403} = {5E850985-5724-40C5-96B3-293D1536EB39}
		{E4B3D685-CA23-41BF-9A04-BF3C99DF5A0D} = {5E850985-5724-40C5-96B3-293D1536EB39}
		{782502AB-3F0B-43BC-A761-7A3F2BD5A9B8} = {E4B3D685-CA23-41BF-9A04-BF3C99DF5A0D}
		{3382ECDD-FD85-4C03-A24C-D70532382D1B} = {E06115A3-50AB-402A-997B-B750A6FE6403}
	EndGlobalSection
	GlobalSection(ExtensibilityGlobals) = postSolution
		SolutionGuid = {F9422A9C-01F5-4BB6-8854-ADB1AA84AA8C}
	EndGlobalSection
EndGlobal
